
Microsoft Visual Studio Solution File, Format Version 12.00
# Visual Studio Version 16
VisualStudioVersion = 16.0.30517.126
MinimumVisualStudioVersion = 10.0.40219.1
Project("{FAE04EC0-301F-11D3-BF4B-00C04F79EFBC}") = "IranDargah", "IranDargah\IranDargah.csproj", "{1C66D7F5-9B79-4561-BA90-6A7299A1DE3C}"
EndProject
Global
	GlobalSection(SolutionConfigurationPlatforms) = preSolution
		Debug|Any CPU = Debug|Any CPU
		Release|Any CPU = Release|Any CPU
	EndGlobalSection
	GlobalSection(ProjectConfigurationPlatforms) = postSolution
		{1C66D7F5-9B79-4561-BA90-6A7299A1DE3C}.Debug|Any CPU.ActiveCfg = Debug|Any CPU
		{1C66D7F5-9B79-4561-BA90-6A7299A1DE3C}.Debug|Any CPU.Build.0 = Debug|Any CPU
		{1C66D7F5-9B79-4561-BA90-6A7299A1DE3C}.Release|Any CPU.ActiveCfg = Release|Any CPU
		{1C66D7F5-9B79-4561-BA90-6A7299A1DE3C}.Release|Any CPU.Build.0 = Release|Any CPU
	EndGlobalSection
	GlobalSection(SolutionProperties) = preSolution
		HideSolutionNode = FALSE
	EndGlobalSection
	GlobalSection(ExtensibilityGlobals) = postSolution
		SolutionGuid = {E5374D84-3F0D-43B3-BB32-348A6ACA17CB}
	EndGlobalSection
EndGlobal
